<?xml version="1.0" encoding="UTF-8"?>
<CodeBlocks_project_file>
	<FileVersion major="1" minor="6"/>
	<Project>
		<Option title="COPNV2"/>
		<Option makefile_is_custom="1"/>
		<Option compiler="gcc"/>
		<Option virtualFolders="CMake Files\;"/>
		<Build>
			<Target title="all">
				<Option working_dir="/home/syvon/CLionProjects/COPNV2/release"/>
				<Option type="4"/>
				<MakeCommands>
					<Build command="/usr/bin/make -j12 -f &quot;/home/syvon/CLionProjects/COPNV2/release/Makefile&quot;  VERBOSE=1 all"/>
					<CompileFile command="/usr/bin/make -j12 -f &quot;/home/syvon/CLionProjects/COPNV2/release/Makefile&quot;  VERBOSE=1 &quot;$file&quot;"/>
					<Clean command="/usr/bin/make -j12 -f &quot;/home/syvon/CLionProjects/COPNV2/release/Makefile&quot;  VERBOSE=1 clean"/>
					<DistClean command="/usr/bin/make -j12 -f &quot;/home/syvon/CLionProjects/COPNV2/release/Makefile&quot;  VERBOSE=1 clean"/>
				</MakeCommands>
			</Target>
			<Target title="rebuild_cache">
				<Option working_dir="/home/syvon/CLionProjects/COPNV2/release"/>
				<Option type="4"/>
				<MakeCommands>
					<Build command="/usr/bin/make -j12 -f &quot;/home/syvon/CLionProjects/COPNV2/release/Makefile&quot;  VERBOSE=1 rebuild_cache"/>
					<CompileFile command="/usr/bin/make -j12 -f &quot;/home/syvon/CLionProjects/COPNV2/release/Makefile&quot;  VERBOSE=1 &quot;$file&quot;"/>
					<Clean command="/usr/bin/make -j12 -f &quot;/home/syvon/CLionProjects/COPNV2/release/Makefile&quot;  VERBOSE=1 clean"/>
					<DistClean command="/usr/bin/make -j12 -f &quot;/home/syvon/CLionProjects/COPNV2/release/Makefile&quot;  VERBOSE=1 clean"/>
				</MakeCommands>
			</Target>
			<Target title="edit_cache">
				<Option working_dir="/home/syvon/CLionProjects/COPNV2/release"/>
				<Option type="4"/>
				<MakeCommands>
					<Build command="/usr/bin/make -j12 -f &quot;/home/syvon/CLionProjects/COPNV2/release/Makefile&quot;  VERBOSE=1 edit_cache"/>
					<CompileFile command="/usr/bin/make -j12 -f &quot;/home/syvon/CLionProjects/COPNV2/release/Makefile&quot;  VERBOSE=1 &quot;$file&quot;"/>
					<Clean command="/usr/bin/make -j12 -f &quot;/home/syvon/CLionProjects/COPNV2/release/Makefile&quot;  VERBOSE=1 clean"/>
					<DistClean command="/usr/bin/make -j12 -f &quot;/home/syvon/CLionProjects/COPNV2/release/Makefile&quot;  VERBOSE=1 clean"/>
				</MakeCommands>
			</Target>
			<Target title="COPNV2">
				<Option output="/home/syvon/CLionProjects/COPNV2/release/COPNV2" prefix_auto="0" extension_auto="0"/>
				<Option working_dir="/home/syvon/CLionProjects/COPNV2/release"/>
				<Option object_output="./"/>
				<Option type="1"/>
				<Option compiler="gcc"/>
				<Compiler>
					<Add directory="/usr/lib/gcc/x86_64-linux-gnu/9/include"/>
					<Add directory="/usr/local/include"/>
					<Add directory="/usr/include/x86_64-linux-gnu"/>
					<Add directory="/usr/include"/>
				</Compiler>
				<MakeCommands>
					<Build command="/usr/bin/make -j12 -f &quot;/home/syvon/CLionProjects/COPNV2/release/Makefile&quot;  VERBOSE=1 COPNV2"/>
					<CompileFile command="/usr/bin/make -j12 -f &quot;/home/syvon/CLionProjects/COPNV2/release/Makefile&quot;  VERBOSE=1 &quot;$file&quot;"/>
					<Clean command="/usr/bin/make -j12 -f &quot;/home/syvon/CLionProjects/COPNV2/release/Makefile&quot;  VERBOSE=1 clean"/>
					<DistClean command="/usr/bin/make -j12 -f &quot;/home/syvon/CLionProjects/COPNV2/release/Makefile&quot;  VERBOSE=1 clean"/>
				</MakeCommands>
			</Target>
			<Target title="COPNV2/fast">
				<Option output="/home/syvon/CLionProjects/COPNV2/release/COPNV2" prefix_auto="0" extension_auto="0"/>
				<Option working_dir="/home/syvon/CLionProjects/COPNV2/release"/>
				<Option object_output="./"/>
				<Option type="1"/>
				<Option compiler="gcc"/>
				<Compiler>
					<Add directory="/usr/lib/gcc/x86_64-linux-gnu/9/include"/>
					<Add directory="/usr/local/include"/>
					<Add directory="/usr/include/x86_64-linux-gnu"/>
					<Add directory="/usr/include"/>
				</Compiler>
				<MakeCommands>
					<Build command="/usr/bin/make -j12 -f &quot;/home/syvon/CLionProjects/COPNV2/release/Makefile&quot;  VERBOSE=1 COPNV2/fast"/>
					<CompileFile command="/usr/bin/make -j12 -f &quot;/home/syvon/CLionProjects/COPNV2/release/Makefile&quot;  VERBOSE=1 &quot;$file&quot;"/>
					<Clean command="/usr/bin/make -j12 -f &quot;/home/syvon/CLionProjects/COPNV2/release/Makefile&quot;  VERBOSE=1 clean"/>
					<DistClean command="/usr/bin/make -j12 -f &quot;/home/syvon/CLionProjects/COPNV2/release/Makefile&quot;  VERBOSE=1 clean"/>
				</MakeCommands>
			</Target>
		</Build>
		<Unit filename="/home/syvon/CLionProjects/COPNV2/src/bitset.c">
			<Option target="COPNV2"/>
		</Unit>
		<Unit filename="/home/syvon/CLionProjects/COPNV2/src/bitset.h">
			<Option target="COPNV2"/>
		</Unit>
		<Unit filename="/home/syvon/CLionProjects/COPNV2/src/graph.c">
			<Option target="COPNV2"/>
		</Unit>
		<Unit filename="/home/syvon/CLionProjects/COPNV2/src/graph.h">
			<Option target="COPNV2"/>
		</Unit>
		<Unit filename="/home/syvon/CLionProjects/COPNV2/src/graph6.c">
			<Option target="COPNV2"/>
		</Unit>
		<Unit filename="/home/syvon/CLionProjects/COPNV2/src/graph6.h">
			<Option target="COPNV2"/>
		</Unit>
		<Unit filename="/home/syvon/CLionProjects/COPNV2/src/main.c">
			<Option target="COPNV2"/>
		</Unit>
		<Unit filename="/home/syvon/CLionProjects/COPNV2/src/types.h">
			<Option target="COPNV2"/>
		</Unit>
		<Unit filename="/home/syvon/CLionProjects/COPNV2/src/vertice_queue.c">
			<Option target="COPNV2"/>
		</Unit>
		<Unit filename="/home/syvon/CLionProjects/COPNV2/src/vertice_queue.h">
			<Option target="COPNV2"/>
		</Unit>
		<Unit filename="/home/syvon/CLionProjects/COPNV2/CMakeLists.txt">
			<Option virtualFolder="CMake Files\"/>
		</Unit>
	</Project>
</CodeBlocks_project_file>
